
Microsoft Visual Studio Solution File, Format Version 11.00
# Visual Studio 2010
Project("{FAE04EC0-301F-11D3-BF4B-00C04F79EFBC}") = "AstarPathfindingProject", "AstarPathfindingProject.csproj", "{20f018fe-bd2a-6b83-6d57-be803ed57e92}"
EndProject
Project("{FAE04EC0-301F-11D3-BF4B-00C04F79EFBC}") = "Assembly-CSharp", "Assembly-CSharp.csproj", "{24d52447-9b41-3527-03ad-d2b3947e90f7}"
EndProject
Project("{FAE04EC0-301F-11D3-BF4B-00C04F79EFBC}") = "Assembly-CSharp-Editor", "Assembly-CSharp-Editor.csproj", "{53461be5-3fa9-ea7f-8dc5-20e84e3db73b}"
EndProject
Project("{FAE04EC0-301F-11D3-BF4B-00C04F79EFBC}") = "AstarPathfindingProjectEditor", "AstarPathfindingProjectEditor.csproj", "{6501de38-fa6f-466d-3544-0d8f589109ee}"
EndProject
Project("{FAE04EC0-301F-11D3-BF4B-00C04F79EFBC}") = "PackageToolsEditor", "PackageToolsEditor.csproj", "{ddf87e81-a202-2a1d-0658-a9b4533a8507}"
EndProject
Global
	GlobalSection(SolutionConfigurationPlatforms) = preSolution
		Debug|Any CPU = Debug|Any CPU
	EndGlobalSection
	GlobalSection(ProjectConfigurationPlatforms) = postSolution
		{20f018fe-bd2a-6b83-6d57-be803ed57e92}.Debug|Any CPU.ActiveCfg = Debug|Any CPU
		{20f018fe-bd2a-6b83-6d57-be803ed57e92}.Debug|Any CPU.Build.0 = Debug|Any CPU
		{24d52447-9b41-3527-03ad-d2b3947e90f7}.Debug|Any CPU.ActiveCfg = Debug|Any CPU
		{24d52447-9b41-3527-03ad-d2b3947e90f7}.Debug|Any CPU.Build.0 = Debug|Any CPU
		{53461be5-3fa9-ea7f-8dc5-20e84e3db73b}.Debug|Any CPU.ActiveCfg = Debug|Any CPU
		{53461be5-3fa9-ea7f-8dc5-20e84e3db73b}.Debug|Any CPU.Build.0 = Debug|Any CPU
		{6501de38-fa6f-466d-3544-0d8f589109ee}.Debug|Any CPU.ActiveCfg = Debug|Any CPU
		{6501de38-fa6f-466d-3544-0d8f589109ee}.Debug|Any CPU.Build.0 = Debug|Any CPU
		{ddf87e81-a202-2a1d-0658-a9b4533a8507}.Debug|Any CPU.ActiveCfg = Debug|Any CPU
		{ddf87e81-a202-2a1d-0658-a9b4533a8507}.Debug|Any CPU.Build.0 = Debug|Any CPU
	EndGlobalSection
	GlobalSection(SolutionProperties) = preSolution
		HideSolutionNode = FALSE
	EndGlobalSection
EndGlobal
